
Microsoft Visual Studio Solution File, Format Version 12.00
# Visual Studio 15
VisualStudioVersion = 15.0.28010.2019
MinimumVisualStudioVersion = 10.0.40219.1
Project("{9A19103F-16F7-4668-BE54-9A1E7A4F7556}") = "podnoms-api", "podnoms-api\podnoms-api.csproj", "{EDA6ED25-1975-471B-A4AD-BA6F6A8FFD83}"
EndProject
Project("{FAE04EC0-301F-11D3-BF4B-00C04F79EFBC}") = "podnoms-data", "podnoms-data\podnoms-data.csproj", "{35934DB8-C983-4F79-9523-D739CFBFE4E8}"
EndProject
Project("{FAE04EC0-301F-11D3-BF4B-00C04F79EFBC}") = "podnoms-common", "podnoms-common\podnoms-common.csproj", "{8C0A23F1-C68E-413D-8587-8B5A361F1C40}"
EndProject
Global
	GlobalSection(SolutionConfigurationPlatforms) = preSolution
		Debug|Any CPU = Debug|Any CPU
		Release|Any CPU = Release|Any CPU
	EndGlobalSection
	GlobalSection(ProjectConfigurationPlatforms) = postSolution
		{EDA6ED25-1975-471B-A4AD-BA6F6A8FFD83}.Debug|Any CPU.ActiveCfg = Debug|Any CPU
		{EDA6ED25-1975-471B-A4AD-BA6F6A8FFD83}.Debug|Any CPU.Build.0 = Debug|Any CPU
		{EDA6ED25-1975-471B-A4AD-BA6F6A8FFD83}.Release|Any CPU.ActiveCfg = Release|Any CPU
		{EDA6ED25-1975-471B-A4AD-BA6F6A8FFD83}.Release|Any CPU.Build.0 = Release|Any CPU
		{35934DB8-C983-4F79-9523-D739CFBFE4E8}.Debug|Any CPU.ActiveCfg = Debug|Any CPU
		{35934DB8-C983-4F79-9523-D739CFBFE4E8}.Debug|Any CPU.Build.0 = Debug|Any CPU
		{35934DB8-C983-4F79-9523-D739CFBFE4E8}.Release|Any CPU.ActiveCfg = Release|Any CPU
		{35934DB8-C983-4F79-9523-D739CFBFE4E8}.Release|Any CPU.Build.0 = Release|Any CPU
		{8C0A23F1-C68E-413D-8587-8B5A361F1C40}.Debug|Any CPU.ActiveCfg = Debug|Any CPU
		{8C0A23F1-C68E-413D-8587-8B5A361F1C40}.Debug|Any CPU.Build.0 = Debug|Any CPU
		{8C0A23F1-C68E-413D-8587-8B5A361F1C40}.Release|Any CPU.ActiveCfg = Release|Any CPU
		{8C0A23F1-C68E-413D-8587-8B5A361F1C40}.Release|Any CPU.Build.0 = Release|Any CPU
	EndGlobalSection
	GlobalSection(SolutionProperties) = preSolution
		HideSolutionNode = FALSE
	EndGlobalSection
	GlobalSection(ExtensibilityGlobals) = postSolution
		SolutionGuid = {78078F4B-7E58-43AE-A858-3926F7377822}
	EndGlobalSection
EndGlobal
